// !$*UTF8*$!
{
	archiveVersion = 1;
	classes = {
	};
	objectVersion = 56;
	objects = {

/* Begin PBXBuildFile section */
		3D26BA3E28E9ACC600BFBC22 /* Localizable.strings in Resources */ = {isa = PBXBuildFile; fileRef = 3D26BA4028E9ACC600BFBC22 /* Localizable.strings */; };
		3D36831F28CD1D3E006CF87B /* UIScreen+ScreenCorners.swift in Sources */ = {isa = PBXBuildFile; fileRef = 3D36831E28CD1D3E006CF87B /* UIScreen+ScreenCorners.swift */; };
		3D4012F527E931DE00649196 /* FavoritesDrawerView.swift in Sources */ = {isa = PBXBuildFile; fileRef = 3D4012F427E931DE00649196 /* FavoritesDrawerView.swift */; };
		3D4CA70227E8025000154B91 /* Drawer in Frameworks */ = {isa = PBXBuildFile; productRef = 3D4CA70127E8025000154B91 /* Drawer */; };
		3D53804527D92D60005860CE /* DrawerView.swift in Sources */ = {isa = PBXBuildFile; fileRef = 3D53804427D92D60005860CE /* DrawerView.swift */; };
		3D53804727D92D67005860CE /* MapView.swift in Sources */ = {isa = PBXBuildFile; fileRef = 3D53804627D92D67005860CE /* MapView.swift */; };
		3D53804927D93B2E005860CE /* Stop.swift in Sources */ = {isa = PBXBuildFile; fileRef = 3D53804827D93B2E005860CE /* Stop.swift */; };
		3D53804D27D94181005860CE /* Stops.json in Resources */ = {isa = PBXBuildFile; fileRef = 3D53804C27D94181005860CE /* Stops.json */; };
		3D53805227D95AE8005860CE /* StopLoader.swift in Sources */ = {isa = PBXBuildFile; fileRef = 3D53805127D95AE8005860CE /* StopLoader.swift */; };
		3D53805427DA3760005860CE /* Drawer.swift in Sources */ = {isa = PBXBuildFile; fileRef = 3D53805327DA3760005860CE /* Drawer.swift */; };
		3D53805827DA7D41005860CE /* Departures.swift in Sources */ = {isa = PBXBuildFile; fileRef = 3D53805727DA7D41005860CE /* Departures.swift */; };
		3D53805A27DA9A6A005860CE /* DeparturesLoader.swift in Sources */ = {isa = PBXBuildFile; fileRef = 3D53805927DA9A6A005860CE /* DeparturesLoader.swift */; };
		3D59B66A27DE73BE00BA0DFA /* DepartureCellView.swift in Sources */ = {isa = PBXBuildFile; fileRef = 3D59B66927DE73BE00BA0DFA /* DepartureCellView.swift */; };
		3D5CA9C62804720800DE6E60 /* FavoriteAddButtonView.swift in Sources */ = {isa = PBXBuildFile; fileRef = 3D5CA9C52804720800DE6E60 /* FavoriteAddButtonView.swift */; };
		3D635F4827D81789008906D3 /* CVAGApp.swift in Sources */ = {isa = PBXBuildFile; fileRef = 3D635F4727D81789008906D3 /* CVAGApp.swift */; };
		3D635F4A27D81789008906D3 /* ContentView.swift in Sources */ = {isa = PBXBuildFile; fileRef = 3D635F4927D81789008906D3 /* ContentView.swift */; };
		3D635F4C27D8178A008906D3 /* Assets.xcassets in Resources */ = {isa = PBXBuildFile; fileRef = 3D635F4B27D8178A008906D3 /* Assets.xcassets */; };
		3D635F4F27D8178A008906D3 /* Preview Assets.xcassets in Resources */ = {isa = PBXBuildFile; fileRef = 3D635F4E27D8178A008906D3 /* Preview Assets.xcassets */; };
		3D732E8727EBF7BA003E8110 /* LaunchScreen.storyboard in Resources */ = {isa = PBXBuildFile; fileRef = 3D732E8627EBF7BA003E8110 /* LaunchScreen.storyboard */; };
		3DCEB98D27ED4118003FC99C /* StopAnnotationView.swift in Sources */ = {isa = PBXBuildFile; fileRef = 3DCEB98C27ED4118003FC99C /* StopAnnotationView.swift */; };
		3DD72ACC2801BC8000044491 /* Favorites.swift in Sources */ = {isa = PBXBuildFile; fileRef = 3DD72ACB2801BC8000044491 /* Favorites.swift */; };
		3DD72AD728032A8F00044491 /* FavoriteButtonView.swift in Sources */ = {isa = PBXBuildFile; fileRef = 3DD72AD628032A8F00044491 /* FavoriteButtonView.swift */; };
		3DDAF3C527FA3100006C8730 /* Introspect in Frameworks */ = {isa = PBXBuildFile; productRef = 3DDAF3C427FA3100006C8730 /* Introspect */; };
/* End PBXBuildFile section */

/* Begin PBXFileReference section */
		3D26BA3F28E9ACC600BFBC22 /* en */ = {isa = PBXFileReference; lastKnownFileType = text.plist.strings; name = en; path = en.lproj/Localizable.strings; sourceTree = "<group>"; };
		3D26BA4128E9AE3E00BFBC22 /* de */ = {isa = PBXFileReference; lastKnownFileType = text.plist.strings; name = de; path = de.lproj/Localizable.strings; sourceTree = "<group>"; };
		3D26BA4228E9B10500BFBC22 /* uk */ = {isa = PBXFileReference; lastKnownFileType = text.plist.strings; name = uk; path = uk.lproj/Localizable.strings; sourceTree = "<group>"; };
		3D36831E28CD1D3E006CF87B /* UIScreen+ScreenCorners.swift */ = {isa = PBXFileReference; lastKnownFileType = sourcecode.swift; path = "UIScreen+ScreenCorners.swift"; sourceTree = "<group>"; };
		3D4012F427E931DE00649196 /* FavoritesDrawerView.swift */ = {isa = PBXFileReference; lastKnownFileType = sourcecode.swift; path = FavoritesDrawerView.swift; sourceTree = "<group>"; };
		3D4012F627EA94B100649196 /* Info.plist */ = {isa = PBXFileReference; lastKnownFileType = text.plist; path = Info.plist; sourceTree = "<group>"; };
		3D53804427D92D60005860CE /* DrawerView.swift */ = {isa = PBXFileReference; lastKnownFileType = sourcecode.swift; path = DrawerView.swift; sourceTree = "<group>"; };
		3D53804627D92D67005860CE /* MapView.swift */ = {isa = PBXFileReference; lastKnownFileType = sourcecode.swift; path = MapView.swift; sourceTree = "<group>"; };
		3D53804827D93B2E005860CE /* Stop.swift */ = {isa = PBXFileReference; lastKnownFileType = sourcecode.swift; path = Stop.swift; sourceTree = "<group>"; };
		3D53804C27D94181005860CE /* Stops.json */ = {isa = PBXFileReference; fileEncoding = 4; lastKnownFileType = text.json; path = Stops.json; sourceTree = "<group>"; };
		3D53805127D95AE8005860CE /* StopLoader.swift */ = {isa = PBXFileReference; lastKnownFileType = sourcecode.swift; path = StopLoader.swift; sourceTree = "<group>"; };
		3D53805327DA3760005860CE /* Drawer.swift */ = {isa = PBXFileReference; lastKnownFileType = sourcecode.swift; path = Drawer.swift; sourceTree = "<group>"; };
		3D53805727DA7D41005860CE /* Departures.swift */ = {isa = PBXFileReference; lastKnownFileType = sourcecode.swift; path = Departures.swift; sourceTree = "<group>"; };
		3D53805927DA9A6A005860CE /* DeparturesLoader.swift */ = {isa = PBXFileReference; lastKnownFileType = sourcecode.swift; path = DeparturesLoader.swift; sourceTree = "<group>"; };
		3D59B66927DE73BE00BA0DFA /* DepartureCellView.swift */ = {isa = PBXFileReference; lastKnownFileType = sourcecode.swift; path = DepartureCellView.swift; sourceTree = "<group>"; };
		3D5CA9C52804720800DE6E60 /* FavoriteAddButtonView.swift */ = {isa = PBXFileReference; lastKnownFileType = sourcecode.swift; path = FavoriteAddButtonView.swift; sourceTree = "<group>"; };
		3D635F4427D81789008906D3 /* CVAG.app */ = {isa = PBXFileReference; explicitFileType = wrapper.application; includeInIndex = 0; path = CVAG.app; sourceTree = BUILT_PRODUCTS_DIR; };
		3D635F4727D81789008906D3 /* CVAGApp.swift */ = {isa = PBXFileReference; lastKnownFileType = sourcecode.swift; path = CVAGApp.swift; sourceTree = "<group>"; };
		3D635F4927D81789008906D3 /* ContentView.swift */ = {isa = PBXFileReference; lastKnownFileType = sourcecode.swift; path = ContentView.swift; sourceTree = "<group>"; };
		3D635F4B27D8178A008906D3 /* Assets.xcassets */ = {isa = PBXFileReference; lastKnownFileType = folder.assetcatalog; path = Assets.xcassets; sourceTree = "<group>"; };
		3D635F4E27D8178A008906D3 /* Preview Assets.xcassets */ = {isa = PBXFileReference; lastKnownFileType = folder.assetcatalog; path = "Preview Assets.xcassets"; sourceTree = "<group>"; };
		3D732E8627EBF7BA003E8110 /* LaunchScreen.storyboard */ = {isa = PBXFileReference; lastKnownFileType = file.storyboard; path = LaunchScreen.storyboard; sourceTree = "<group>"; };
		3DCEB98C27ED4118003FC99C /* StopAnnotationView.swift */ = {isa = PBXFileReference; lastKnownFileType = sourcecode.swift; path = StopAnnotationView.swift; sourceTree = "<group>"; };
		3DD72ACB2801BC8000044491 /* Favorites.swift */ = {isa = PBXFileReference; lastKnownFileType = sourcecode.swift; path = Favorites.swift; sourceTree = "<group>"; };
		3DD72AD628032A8F00044491 /* FavoriteButtonView.swift */ = {isa = PBXFileReference; lastKnownFileType = sourcecode.swift; path = FavoriteButtonView.swift; sourceTree = "<group>"; };
/* End PBXFileReference section */

/* Begin PBXFrameworksBuildPhase section */
		3D635F4127D81789008906D3 /* Frameworks */ = {
			isa = PBXFrameworksBuildPhase;
			buildActionMask = 2147483647;
			files = (
				3D4CA70227E8025000154B91 /* Drawer in Frameworks */,
				3DDAF3C527FA3100006C8730 /* Introspect in Frameworks */,
			);
			runOnlyForDeploymentPostprocessing = 0;
		};
/* End PBXFrameworksBuildPhase section */

/* Begin PBXGroup section */
		3D36831D28CD1D19006CF87B /* Helper */ = {
			isa = PBXGroup;
			children = (
				3D36831E28CD1D3E006CF87B /* UIScreen+ScreenCorners.swift */,
			);
			path = Helper;
			sourceTree = "<group>";
		};
		3D53804127D92CEF005860CE /* Views */ = {
			isa = PBXGroup;
			children = (
				3D53804427D92D60005860CE /* DrawerView.swift */,
				3D53804627D92D67005860CE /* MapView.swift */,
				3DCEB98C27ED4118003FC99C /* StopAnnotationView.swift */,
				3D59B66927DE73BE00BA0DFA /* DepartureCellView.swift */,
				3D4012F427E931DE00649196 /* FavoritesDrawerView.swift */,
				3DD72AD628032A8F00044491 /* FavoriteButtonView.swift */,
				3D5CA9C52804720800DE6E60 /* FavoriteAddButtonView.swift */,
			);
			path = Views;
			sourceTree = "<group>";
		};
		3D53804A27D93EC5005860CE /* Models */ = {
			isa = PBXGroup;
			children = (
				3D53804827D93B2E005860CE /* Stop.swift */,
				3D53805727DA7D41005860CE /* Departures.swift */,
				3D53805327DA3760005860CE /* Drawer.swift */,
				3DD72ACB2801BC8000044491 /* Favorites.swift */,
			);
			path = Models;
			sourceTree = "<group>";
		};
		3D53804B27D9415A005860CE /* Resources */ = {
			isa = PBXGroup;
			children = (
				3D53804C27D94181005860CE /* Stops.json */,
			);
			path = Resources;
			sourceTree = "<group>";
		};
		3D53805027D959A2005860CE /* Stores */ = {
			isa = PBXGroup;
			children = (
				3D53805127D95AE8005860CE /* StopLoader.swift */,
				3D53805927DA9A6A005860CE /* DeparturesLoader.swift */,
			);
			path = Stores;
			sourceTree = "<group>";
		};
		3D635F3B27D81789008906D3 = {
			isa = PBXGroup;
			children = (
				3D635F4627D81789008906D3 /* CVAG */,
				3D635F4527D81789008906D3 /* Products */,
			);
			sourceTree = "<group>";
		};
		3D635F4527D81789008906D3 /* Products */ = {
			isa = PBXGroup;
			children = (
				3D635F4427D81789008906D3 /* CVAG.app */,
			);
			name = Products;
			sourceTree = "<group>";
		};
		3D635F4627D81789008906D3 /* CVAG */ = {
			isa = PBXGroup;
			children = (
				3D4012F627EA94B100649196 /* Info.plist */,
				3D732E8627EBF7BA003E8110 /* LaunchScreen.storyboard */,
				3D635F4727D81789008906D3 /* CVAGApp.swift */,
				3D635F4927D81789008906D3 /* ContentView.swift */,
				3D53804A27D93EC5005860CE /* Models */,
				3D53804127D92CEF005860CE /* Views */,
				3D53805027D959A2005860CE /* Stores */,
				3D53804B27D9415A005860CE /* Resources */,
				3D36831D28CD1D19006CF87B /* Helper */,
				3D26BA4028E9ACC600BFBC22 /* Localizable.strings */,
				3D635F4B27D8178A008906D3 /* Assets.xcassets */,
				3D635F4D27D8178A008906D3 /* Preview Content */,
			);
			path = CVAG;
			sourceTree = "<group>";
		};
		3D635F4D27D8178A008906D3 /* Preview Content */ = {
			isa = PBXGroup;
			children = (
				3D635F4E27D8178A008906D3 /* Preview Assets.xcassets */,
			);
			path = "Preview Content";
			sourceTree = "<group>";
		};
/* End PBXGroup section */

/* Begin PBXNativeTarget section */
		3D635F4327D81789008906D3 /* CVAG */ = {
			isa = PBXNativeTarget;
			buildConfigurationList = 3D635F5227D8178A008906D3 /* Build configuration list for PBXNativeTarget "CVAG" */;
			buildPhases = (
				3D26BA4328E9B2C600BFBC22 /* ShellScript */,
				3D635F4027D81789008906D3 /* Sources */,
				3D635F4127D81789008906D3 /* Frameworks */,
				3D635F4227D81789008906D3 /* Resources */,
			);
			buildRules = (
			);
			dependencies = (
			);
			name = CVAG;
			packageProductDependencies = (
				3D4CA70127E8025000154B91 /* Drawer */,
				3DDAF3C427FA3100006C8730 /* Introspect */,
			);
			productName = CVAG;
			productReference = 3D635F4427D81789008906D3 /* CVAG.app */;
			productType = "com.apple.product-type.application";
		};
/* End PBXNativeTarget section */

/* Begin PBXProject section */
		3D635F3C27D81789008906D3 /* Project object */ = {
			isa = PBXProject;
			attributes = {
				BuildIndependentTargetsInParallel = 1;
				LastSwiftUpdateCheck = 1320;
				LastUpgradeCheck = 1320;
				TargetAttributes = {
					3D635F4327D81789008906D3 = {
						CreatedOnToolsVersion = 13.2.1;
					};
				};
			};
			buildConfigurationList = 3D635F3F27D81789008906D3 /* Build configuration list for PBXProject "CVAG" */;
			compatibilityVersion = "Xcode 14.0";
			developmentRegion = en;
			hasScannedForEncodings = 0;
			knownRegions = (
				en,
				Base,
				de,
				uk,
			);
			mainGroup = 3D635F3B27D81789008906D3;
			packageReferences = (
				3D4CA70027E8025000154B91 /* XCRemoteSwiftPackageReference "swiftui-drawer" */,
				3DDAF3C327FA3100006C8730 /* XCRemoteSwiftPackageReference "SwiftUI-Introspect" */,
			);
			productRefGroup = 3D635F4527D81789008906D3 /* Products */;
			projectDirPath = "";
			projectRoot = "";
			targets = (
				3D635F4327D81789008906D3 /* CVAG */,
			);
		};
/* End PBXProject section */

/* Begin PBXResourcesBuildPhase section */
		3D635F4227D81789008906D3 /* Resources */ = {
			isa = PBXResourcesBuildPhase;
			buildActionMask = 2147483647;
			files = (
				3D26BA3E28E9ACC600BFBC22 /* Localizable.strings in Resources */,
				3D635F4F27D8178A008906D3 /* Preview Assets.xcassets in Resources */,
				3D732E8727EBF7BA003E8110 /* LaunchScreen.storyboard in Resources */,
				3D635F4C27D8178A008906D3 /* Assets.xcassets in Resources */,
				3D53804D27D94181005860CE /* Stops.json in Resources */,
			);
			runOnlyForDeploymentPostprocessing = 0;
		};
/* End PBXResourcesBuildPhase section */

/* Begin PBXShellScriptBuildPhase section */
		3D26BA4328E9B2C600BFBC22 /* ShellScript */ = {
			isa = PBXShellScriptBuildPhase;
			alwaysOutOfDate = 1;
			buildActionMask = 2147483647;
			files = (
			);
			inputFileListPaths = (
			);
			inputPaths = (
			);
			outputFileListPaths = (
			);
			outputPaths = (
			);
			runOnlyForDeploymentPostprocessing = 0;
			shellPath = /bin/sh;
			shellScript = "export PATH=\"$PATH:/opt/homebrew/bin\"\nif which swiftlint > /dev/null; then\n  swiftlint\nelse\n  echo \"warning: SwiftLint not installed, download from https://github.com/realm/SwiftLint\"\nfi\n";
		};
/* End PBXShellScriptBuildPhase section */

/* Begin PBXSourcesBuildPhase section */
		3D635F4027D81789008906D3 /* Sources */ = {
			isa = PBXSourcesBuildPhase;
			buildActionMask = 2147483647;
			files = (
				3D53804527D92D60005860CE /* DrawerView.swift in Sources */,
				3D53804727D92D67005860CE /* MapView.swift in Sources */,
				3D53805227D95AE8005860CE /* StopLoader.swift in Sources */,
				3D635F4A27D81789008906D3 /* ContentView.swift in Sources */,
				3D53805A27DA9A6A005860CE /* DeparturesLoader.swift in Sources */,
				3D635F4827D81789008906D3 /* CVAGApp.swift in Sources */,
				3DD72AD728032A8F00044491 /* FavoriteButtonView.swift in Sources */,
				3D5CA9C62804720800DE6E60 /* FavoriteAddButtonView.swift in Sources */,
				3D53805827DA7D41005860CE /* Departures.swift in Sources */,
				3DCEB98D27ED4118003FC99C /* StopAnnotationView.swift in Sources */,
				3D4012F527E931DE00649196 /* FavoritesDrawerView.swift in Sources */,
				3D53804927D93B2E005860CE /* Stop.swift in Sources */,
				3D36831F28CD1D3E006CF87B /* UIScreen+ScreenCorners.swift in Sources */,
				3D53805427DA3760005860CE /* Drawer.swift in Sources */,
				3D59B66A27DE73BE00BA0DFA /* DepartureCellView.swift in Sources */,
				3DD72ACC2801BC8000044491 /* Favorites.swift in Sources */,
			);
			runOnlyForDeploymentPostprocessing = 0;
		};
/* End PBXSourcesBuildPhase section */

/* Begin PBXVariantGroup section */
		3D26BA4028E9ACC600BFBC22 /* Localizable.strings */ = {
			isa = PBXVariantGroup;
			children = (
				3D26BA3F28E9ACC600BFBC22 /* en */,
				3D26BA4128E9AE3E00BFBC22 /* de */,
				3D26BA4228E9B10500BFBC22 /* uk */,
			);
			name = Localizable.strings;
			sourceTree = "<group>";
		};
/* End PBXVariantGroup section */

/* Begin XCBuildConfiguration section */
		3D635F5027D8178A008906D3 /* Debug */ = {
			isa = XCBuildConfiguration;
			buildSettings = {
				ALWAYS_SEARCH_USER_PATHS = NO;
				CLANG_ANALYZER_NONNULL = YES;
				CLANG_ANALYZER_NUMBER_OBJECT_CONVERSION = YES_AGGRESSIVE;
				CLANG_CXX_LANGUAGE_STANDARD = "gnu++17";
				CLANG_CXX_LIBRARY = "libc++";
				CLANG_ENABLE_MODULES = YES;
				CLANG_ENABLE_OBJC_ARC = YES;
				CLANG_ENABLE_OBJC_WEAK = YES;
				CLANG_WARN_BLOCK_CAPTURE_AUTORELEASING = YES;
				CLANG_WARN_BOOL_CONVERSION = YES;
				CLANG_WARN_COMMA = YES;
				CLANG_WARN_CONSTANT_CONVERSION = YES;
				CLANG_WARN_DEPRECATED_OBJC_IMPLEMENTATIONS = YES;
				CLANG_WARN_DIRECT_OBJC_ISA_USAGE = YES_ERROR;
				CLANG_WARN_DOCUMENTATION_COMMENTS = YES;
				CLANG_WARN_EMPTY_BODY = YES;
				CLANG_WARN_ENUM_CONVERSION = YES;
				CLANG_WARN_INFINITE_RECURSION = YES;
				CLANG_WARN_INT_CONVERSION = YES;
				CLANG_WARN_NON_LITERAL_NULL_CONVERSION = YES;
				CLANG_WARN_OBJC_IMPLICIT_RETAIN_SELF = YES;
				CLANG_WARN_OBJC_LITERAL_CONVERSION = YES;
				CLANG_WARN_OBJC_ROOT_CLASS = YES_ERROR;
				CLANG_WARN_QUOTED_INCLUDE_IN_FRAMEWORK_HEADER = YES;
				CLANG_WARN_RANGE_LOOP_ANALYSIS = YES;
				CLANG_WARN_STRICT_PROTOTYPES = YES;
				CLANG_WARN_SUSPICIOUS_MOVE = YES;
				CLANG_WARN_UNGUARDED_AVAILABILITY = YES_AGGRESSIVE;
				CLANG_WARN_UNREACHABLE_CODE = YES;
				CLANG_WARN__DUPLICATE_METHOD_MATCH = YES;
				COPY_PHASE_STRIP = NO;
				DEBUG_INFORMATION_FORMAT = dwarf;
				ENABLE_STRICT_OBJC_MSGSEND = YES;
				ENABLE_TESTABILITY = YES;
				GCC_C_LANGUAGE_STANDARD = gnu11;
				GCC_DYNAMIC_NO_PIC = NO;
				GCC_NO_COMMON_BLOCKS = YES;
				GCC_OPTIMIZATION_LEVEL = 0;
				GCC_PREPROCESSOR_DEFINITIONS = (
					"DEBUG=1",
					"$(inherited)",
				);
				GCC_WARN_64_TO_32_BIT_CONVERSION = YES;
				GCC_WARN_ABOUT_RETURN_TYPE = YES_ERROR;
				GCC_WARN_UNDECLARED_SELECTOR = YES;
				GCC_WARN_UNINITIALIZED_AUTOS = YES_AGGRESSIVE;
				GCC_WARN_UNUSED_FUNCTION = YES;
				GCC_WARN_UNUSED_VARIABLE = YES;
				IPHONEOS_DEPLOYMENT_TARGET = 15.2;
				MTL_ENABLE_DEBUG_INFO = INCLUDE_SOURCE;
				MTL_FAST_MATH = YES;
				ONLY_ACTIVE_ARCH = YES;
				SDKROOT = iphoneos;
				SWIFT_ACTIVE_COMPILATION_CONDITIONS = DEBUG;
				SWIFT_OPTIMIZATION_LEVEL = "-Onone";
			};
			name = Debug;
		};
		3D635F5127D8178A008906D3 /* Release */ = {
			isa = XCBuildConfiguration;
			buildSettings = {
				ALWAYS_SEARCH_USER_PATHS = NO;
				CLANG_ANALYZER_NONNULL = YES;
				CLANG_ANALYZER_NUMBER_OBJECT_CONVERSION = YES_AGGRESSIVE;
				CLANG_CXX_LANGUAGE_STANDARD = "gnu++17";
				CLANG_CXX_LIBRARY = "libc++";
				CLANG_ENABLE_MODULES = YES;
				CLANG_ENABLE_OBJC_ARC = YES;
				CLANG_ENABLE_OBJC_WEAK = YES;
				CLANG_WARN_BLOCK_CAPTURE_AUTORELEASING = YES;
				CLANG_WARN_BOOL_CONVERSION = YES;
				CLANG_WARN_COMMA = YES;
				CLANG_WARN_CONSTANT_CONVERSION = YES;
				CLANG_WARN_DEPRECATED_OBJC_IMPLEMENTATIONS = YES;
				CLANG_WARN_DIRECT_OBJC_ISA_USAGE = YES_ERROR;
				CLANG_WARN_DOCUMENTATION_COMMENTS = YES;
				CLANG_WARN_EMPTY_BODY = YES;
				CLANG_WARN_ENUM_CONVERSION = YES;
				CLANG_WARN_INFINITE_RECURSION = YES;
				CLANG_WARN_INT_CONVERSION = YES;
				CLANG_WARN_NON_LITERAL_NULL_CONVERSION = YES;
				CLANG_WARN_OBJC_IMPLICIT_RETAIN_SELF = YES;
				CLANG_WARN_OBJC_LITERAL_CONVERSION = YES;
				CLANG_WARN_OBJC_ROOT_CLASS = YES_ERROR;
				CLANG_WARN_QUOTED_INCLUDE_IN_FRAMEWORK_HEADER = YES;
				CLANG_WARN_RANGE_LOOP_ANALYSIS = YES;
				CLANG_WARN_STRICT_PROTOTYPES = YES;
				CLANG_WARN_SUSPICIOUS_MOVE = YES;
				CLANG_WARN_UNGUARDED_AVAILABILITY = YES_AGGRESSIVE;
				CLANG_WARN_UNREACHABLE_CODE = YES;
				CLANG_WARN__DUPLICATE_METHOD_MATCH = YES;
				COPY_PHASE_STRIP = NO;
				DEBUG_INFORMATION_FORMAT = "dwarf-with-dsym";
				ENABLE_NS_ASSERTIONS = NO;
				ENABLE_STRICT_OBJC_MSGSEND = YES;
				GCC_C_LANGUAGE_STANDARD = gnu11;
				GCC_NO_COMMON_BLOCKS = YES;
				GCC_WARN_64_TO_32_BIT_CONVERSION = YES;
				GCC_WARN_ABOUT_RETURN_TYPE = YES_ERROR;
				GCC_WARN_UNDECLARED_SELECTOR = YES;
				GCC_WARN_UNINITIALIZED_AUTOS = YES_AGGRESSIVE;
				GCC_WARN_UNUSED_FUNCTION = YES;
				GCC_WARN_UNUSED_VARIABLE = YES;
				IPHONEOS_DEPLOYMENT_TARGET = 15.2;
				MTL_ENABLE_DEBUG_INFO = NO;
				MTL_FAST_MATH = YES;
				SDKROOT = iphoneos;
				SWIFT_COMPILATION_MODE = wholemodule;
				SWIFT_OPTIMIZATION_LEVEL = "-O";
				VALIDATE_PRODUCT = YES;
			};
			name = Release;
		};
		3D635F5327D8178A008906D3 /* Debug */ = {
			isa = XCBuildConfiguration;
			buildSettings = {
				ASSETCATALOG_COMPILER_APPICON_NAME = AppIcon;
				ASSETCATALOG_COMPILER_GLOBAL_ACCENT_COLOR_NAME = AccentColor;
				CODE_SIGN_ENTITLEMENTS = CVAG/CVAG.entitlements;
				CODE_SIGN_STYLE = Automatic;
				CURRENT_PROJECT_VERSION = 40;
				DEVELOPMENT_ASSET_PATHS = "\"CVAG/Preview Content\"";
				DEVELOPMENT_TEAM = B7HSFEB698;
				ENABLE_PREVIEWS = YES;
				GENERATE_INFOPLIST_FILE = YES;
				INFOPLIST_FILE = CVAG/Info.plist;
				INFOPLIST_KEY_LSApplicationCategoryType = "public.app-category.travel";
				INFOPLIST_KEY_UIApplicationSceneManifest_Generation = YES;
				INFOPLIST_KEY_UIApplicationSupportsIndirectInputEvents = YES;
				INFOPLIST_KEY_UILaunchStoryboardName = LaunchScreen;
				INFOPLIST_KEY_UISupportedInterfaceOrientations = UIInterfaceOrientationPortrait;
				INFOPLIST_KEY_UISupportedInterfaceOrientations_iPhone = UIInterfaceOrientationPortrait;
				LD_RUNPATH_SEARCH_PATHS = (
					"$(inherited)",
					"@executable_path/Frameworks",
				);
				MARKETING_VERSION = 1.0.3;
				PRODUCT_BUNDLE_IDENTIFIER = com.janhuelsmann.CVAG;
				PRODUCT_NAME = "$(TARGET_NAME)";
				SWIFT_EMIT_LOC_STRINGS = YES;
				SWIFT_OPTIMIZATION_LEVEL = "-Onone";
				SWIFT_VERSION = 5.0;
				TARGETED_DEVICE_FAMILY = 1;
			};
			name = Debug;
		};
		3D635F5427D8178A008906D3 /* Release */ = {
			isa = XCBuildConfiguration;
			buildSettings = {
				ASSETCATALOG_COMPILER_APPICON_NAME = AppIcon;
				ASSETCATALOG_COMPILER_GLOBAL_ACCENT_COLOR_NAME = AccentColor;
				CODE_SIGN_ENTITLEMENTS = CVAG/CVAG.entitlements;
				CODE_SIGN_STYLE = Automatic;
				CURRENT_PROJECT_VERSION = 40;
				DEVELOPMENT_ASSET_PATHS = "\"CVAG/Preview Content\"";
				DEVELOPMENT_TEAM = B7HSFEB698;
				ENABLE_PREVIEWS = YES;
				GENERATE_INFOPLIST_FILE = YES;
				INFOPLIST_FILE = CVAG/Info.plist;
				INFOPLIST_KEY_LSApplicationCategoryType = "public.app-category.travel";
				INFOPLIST_KEY_UIApplicationSceneManifest_Generation = YES;
				INFOPLIST_KEY_UIApplicationSupportsIndirectInputEvents = YES;
				INFOPLIST_KEY_UILaunchStoryboardName = LaunchScreen;
				INFOPLIST_KEY_UISupportedInterfaceOrientations = UIInterfaceOrientationPortrait;
				INFOPLIST_KEY_UISupportedInterfaceOrientations_iPhone = UIInterfaceOrientationPortrait;
				LD_RUNPATH_SEARCH_PATHS = (
					"$(inherited)",
					"@executable_path/Frameworks",
				);
				MARKETING_VERSION = 1.0.3;
				PRODUCT_BUNDLE_IDENTIFIER = com.janhuelsmann.CVAG;
				PRODUCT_NAME = "$(TARGET_NAME)";
				SWIFT_EMIT_LOC_STRINGS = YES;
				SWIFT_OPTIMIZATION_LEVEL = "-O";
				SWIFT_VERSION = 5.0;
				TARGETED_DEVICE_FAMILY = 1;
			};
			name = Release;
		};
/* End XCBuildConfiguration section */

/* Begin XCConfigurationList section */
		3D635F3F27D81789008906D3 /* Build configuration list for PBXProject "CVAG" */ = {
			isa = XCConfigurationList;
			buildConfigurations = (
				3D635F5027D8178A008906D3 /* Debug */,
				3D635F5127D8178A008906D3 /* Release */,
			);
			defaultConfigurationIsVisible = 0;
			defaultConfigurationName = Release;
		};
		3D635F5227D8178A008906D3 /* Build configuration list for PBXNativeTarget "CVAG" */ = {
			isa = XCConfigurationList;
			buildConfigurations = (
				3D635F5327D8178A008906D3 /* Debug */,
				3D635F5427D8178A008906D3 /* Release */,
			);
			defaultConfigurationIsVisible = 0;
			defaultConfigurationName = Release;
		};
/* End XCConfigurationList section */

/* Begin XCRemoteSwiftPackageReference section */
		3D4CA70027E8025000154B91 /* XCRemoteSwiftPackageReference "swiftui-drawer" */ = {
			isa = XCRemoteSwiftPackageReference;
			repositoryURL = "https://github.com/thealpa/swiftui-drawer";
			requirement = {
				branch = "smooth-drag";
				kind = branch;
			};
		};
		3DDAF3C327FA3100006C8730 /* XCRemoteSwiftPackageReference "SwiftUI-Introspect" */ = {
			isa = XCRemoteSwiftPackageReference;
			repositoryURL = "https://github.com/siteline/SwiftUI-Introspect.git";
			requirement = {
				branch = master;
				kind = branch;
			};
		};
/* End XCRemoteSwiftPackageReference section */

/* Begin XCSwiftPackageProductDependency section */
		3D4CA70127E8025000154B91 /* Drawer */ = {
			isa = XCSwiftPackageProductDependency;
			package = 3D4CA70027E8025000154B91 /* XCRemoteSwiftPackageReference "swiftui-drawer" */;
			productName = Drawer;
		};
		3DDAF3C427FA3100006C8730 /* Introspect */ = {
			isa = XCSwiftPackageProductDependency;
			package = 3DDAF3C327FA3100006C8730 /* XCRemoteSwiftPackageReference "SwiftUI-Introspect" */;
			productName = Introspect;
		};
/* End XCSwiftPackageProductDependency section */
	};
	rootObject = 3D635F3C27D81789008906D3 /* Project object */;
}
