{
  "pins" : [
    {
      "identity" : "swiftui-drawer",
      "kind" : "remoteSourceControl",
      "location" : "https://github.com/thealpa/swiftui-drawer",
      "state" : {
        "branch" : "smooth-drag",
        "revision" : "b0a0f33676a75b942aabd889e09972bfcb6d51a2"
      }
    }
  ],
  "version" : 2
}
